
Microsoft Visual Studio Solution File, Format Version 12.00
# Visual Studio Version 17
VisualStudioVersion = 17.0.31903.59
MinimumVisualStudioVersion = 10.0.40219.1
Project("{FAE04EC0-301F-11D3-BF4B-00C04F79EFBC}") = "ThirteenthBell.Core", "src\ThirteenthBell.Core\ThirteenthBell.Core.csproj", "{5EF9825B-99B4-4671-9DBE-88CE298826A1}"
EndProject
Project("{FAE04EC0-301F-11D3-BF4B-00C04F79EFBC}") = "ThirteenthBell", "src\ThirteenthBell\ThirteenthBell.csproj", "{55CEB2B0-13F4-4DCE-BEBB-E78D27304DE3}"
EndProject
Project("{2150E333-8FDC-42A3-9474-1A3956D46DE8}") = "tools", "tools", "{07C2787E-EAC7-C090-1BA3-A61EC2A24D84}"
EndProject
Project("{FAE04EC0-301F-11D3-BF4B-00C04F79EFBC}") = "PostalRoomSmoke", "tools\PostalRoomSmoke\PostalRoomSmoke.csproj", "{A2FCC89F-732C-4DD1-B94D-E6F425EAFF76}"
EndProject
Project("{2150E333-8FDC-42A3-9474-1A3956D46DE8}") = "src", "src", "{827E0CD3-B72D-47B6-A68D-7590B98EB39B}"
EndProject
Global
	GlobalSection(SolutionConfigurationPlatforms) = preSolution
		Debug|Any CPU = Debug|Any CPU
		Debug|x64 = Debug|x64
		Debug|x86 = Debug|x86
		Release|Any CPU = Release|Any CPU
		Release|x64 = Release|x64
		Release|x86 = Release|x86
	EndGlobalSection
	GlobalSection(ProjectConfigurationPlatforms) = postSolution
		{5EF9825B-99B4-4671-9DBE-88CE298826A1}.Debug|Any CPU.ActiveCfg = Debug|Any CPU
		{5EF9825B-99B4-4671-9DBE-88CE298826A1}.Debug|Any CPU.Build.0 = Debug|Any CPU
		{5EF9825B-99B4-4671-9DBE-88CE298826A1}.Debug|x64.ActiveCfg = Debug|Any CPU
		{5EF9825B-99B4-4671-9DBE-88CE298826A1}.Debug|x64.Build.0 = Debug|Any CPU
		{5EF9825B-99B4-4671-9DBE-88CE298826A1}.Debug|x86.ActiveCfg = Debug|Any CPU
		{5EF9825B-99B4-4671-9DBE-88CE298826A1}.Debug|x86.Build.0 = Debug|Any CPU
		{5EF9825B-99B4-4671-9DBE-88CE298826A1}.Release|Any CPU.ActiveCfg = Release|Any CPU
		{5EF9825B-99B4-4671-9DBE-88CE298826A1}.Release|Any CPU.Build.0 = Release|Any CPU
		{5EF9825B-99B4-4671-9DBE-88CE298826A1}.Release|x64.ActiveCfg = Release|Any CPU
		{5EF9825B-99B4-4671-9DBE-88CE298826A1}.Release|x64.Build.0 = Release|Any CPU
		{5EF9825B-99B4-4671-9DBE-88CE298826A1}.Release|x86.ActiveCfg = Release|Any CPU
		{5EF9825B-99B4-4671-9DBE-88CE298826A1}.Release|x86.Build.0 = Release|Any CPU
		{55CEB2B0-13F4-4DCE-BEBB-E78D27304DE3}.Debug|Any CPU.ActiveCfg = Debug|Any CPU
		{55CEB2B0-13F4-4DCE-BEBB-E78D27304DE3}.Debug|Any CPU.Build.0 = Debug|Any CPU
		{55CEB2B0-13F4-4DCE-BEBB-E78D27304DE3}.Debug|x64.ActiveCfg = Debug|Any CPU
		{55CEB2B0-13F4-4DCE-BEBB-E78D27304DE3}.Debug|x64.Build.0 = Debug|Any CPU
		{55CEB2B0-13F4-4DCE-BEBB-E78D27304DE3}.Debug|x86.ActiveCfg = Debug|Any CPU
		{55CEB2B0-13F4-4DCE-BEBB-E78D27304DE3}.Debug|x86.Build.0 = Debug|Any CPU
		{55CEB2B0-13F4-4DCE-BEBB-E78D27304DE3}.Release|Any CPU.ActiveCfg = Release|Any CPU
		{55CEB2B0-13F4-4DCE-BEBB-E78D27304DE3}.Release|Any CPU.Build.0 = Release|Any CPU
		{55CEB2B0-13F4-4DCE-BEBB-E78D27304DE3}.Release|x64.ActiveCfg = Release|Any CPU
		{55CEB2B0-13F4-4DCE-BEBB-E78D27304DE3}.Release|x64.Build.0 = Release|Any CPU
		{55CEB2B0-13F4-4DCE-BEBB-E78D27304DE3}.Release|x86.ActiveCfg = Release|Any CPU
		{55CEB2B0-13F4-4DCE-BEBB-E78D27304DE3}.Release|x86.Build.0 = Release|Any CPU
		{A2FCC89F-732C-4DD1-B94D-E6F425EAFF76}.Debug|Any CPU.ActiveCfg = Debug|Any CPU
		{A2FCC89F-732C-4DD1-B94D-E6F425EAFF76}.Debug|Any CPU.Build.0 = Debug|Any CPU
		{A2FCC89F-732C-4DD1-B94D-E6F425EAFF76}.Debug|x64.ActiveCfg = Debug|Any CPU
		{A2FCC89F-732C-4DD1-B94D-E6F425EAFF76}.Debug|x64.Build.0 = Debug|Any CPU
		{A2FCC89F-732C-4DD1-B94D-E6F425EAFF76}.Debug|x86.ActiveCfg = Debug|Any CPU
		{A2FCC89F-732C-4DD1-B94D-E6F425EAFF76}.Debug|x86.Build.0 = Debug|Any CPU
		{A2FCC89F-732C-4DD1-B94D-E6F425EAFF76}.Release|Any CPU.ActiveCfg = Release|Any CPU
		{A2FCC89F-732C-4DD1-B94D-E6F425EAFF76}.Release|Any CPU.Build.0 = Release|Any CPU
		{A2FCC89F-732C-4DD1-B94D-E6F425EAFF76}.Release|x64.ActiveCfg = Release|Any CPU
		{A2FCC89F-732C-4DD1-B94D-E6F425EAFF76}.Release|x64.Build.0 = Release|Any CPU
		{A2FCC89F-732C-4DD1-B94D-E6F425EAFF76}.Release|x86.ActiveCfg = Release|Any CPU
		{A2FCC89F-732C-4DD1-B94D-E6F425EAFF76}.Release|x86.Build.0 = Release|Any CPU
	EndGlobalSection
	GlobalSection(SolutionProperties) = preSolution
		HideSolutionNode = FALSE
	EndGlobalSection
	GlobalSection(NestedProjects) = preSolution
		{A2FCC89F-732C-4DD1-B94D-E6F425EAFF76} = {07C2787E-EAC7-C090-1BA3-A61EC2A24D84}
	EndGlobalSection
EndGlobal
